
Microsoft Visual Studio Solution File, Format Version 12.00
# Visual Studio Version 16
VisualStudioVersion = 16.0.31205.176
MinimumVisualStudioVersion = 10.0.40219.1
Project("{FAE04EC0-301F-11D3-BF4B-00C04F79EFBC}") = "MentorMatch-O-Matic", "MentorMatch-O-Matic\MentorMatch-O-Matic.csproj", "{919B304A-3F34-4F1F-85A3-AF2602121E46}"
EndProject
Global
	GlobalSection(SolutionConfigurationPlatforms) = preSolution
		Debug|Any CPU = Debug|Any CPU
		Release|Any CPU = Release|Any CPU
	EndGlobalSection
	GlobalSection(ProjectConfigurationPlatforms) = postSolution
		{919B304A-3F34-4F1F-85A3-AF2602121E46}.Debug|Any CPU.ActiveCfg = Debug|Any CPU
		{919B304A-3F34-4F1F-85A3-AF2602121E46}.Debug|Any CPU.Build.0 = Debug|Any CPU
		{919B304A-3F34-4F1F-85A3-AF2602121E46}.Release|Any CPU.ActiveCfg = Release|Any CPU
		{919B304A-3F34-4F1F-85A3-AF2602121E46}.Release|Any CPU.Build.0 = Release|Any CPU
	EndGlobalSection
	GlobalSection(SolutionProperties) = preSolution
		HideSolutionNode = FALSE
	EndGlobalSection
	GlobalSection(ExtensibilityGlobals) = postSolution
		SolutionGuid = {6EE3ECCC-BE7F-4FAD-A8A3-2960151F41CA}
	EndGlobalSection
EndGlobal
